
Microsoft Visual Studio Solution File, Format Version 12.00
# Visual Studio Version 16
VisualStudioVersion = 16.0.31005.135
MinimumVisualStudioVersion = 10.0.40219.1
Project("{FAE04EC0-301F-11D3-BF4B-00C04F79EFBC}") = "TestAppBackendDeployment", "TestAppBackendDeployment\TestAppBackendDeployment.csproj", "{B51AA4C3-D406-4E59-A42E-EBB435615C4E}"
EndProject
Global
	GlobalSection(SolutionConfigurationPlatforms) = preSolution
		Debug|Any CPU = Debug|Any CPU
		Release|Any CPU = Release|Any CPU
	EndGlobalSection
	GlobalSection(ProjectConfigurationPlatforms) = postSolution
		{B51AA4C3-D406-4E59-A42E-EBB435615C4E}.Debug|Any CPU.ActiveCfg = Debug|Any CPU
		{B51AA4C3-D406-4E59-A42E-EBB435615C4E}.Debug|Any CPU.Build.0 = Debug|Any CPU
		{B51AA4C3-D406-4E59-A42E-EBB435615C4E}.Release|Any CPU.ActiveCfg = Release|Any CPU
		{B51AA4C3-D406-4E59-A42E-EBB435615C4E}.Release|Any CPU.Build.0 = Release|Any CPU
	EndGlobalSection
	GlobalSection(SolutionProperties) = preSolution
		HideSolutionNode = FALSE
	EndGlobalSection
	GlobalSection(ExtensibilityGlobals) = postSolution
		SolutionGuid = {F2663AD7-74CE-4EB0-A685-510BC037ADB7}
	EndGlobalSection
EndGlobal
